
Microsoft Visual Studio Solution File, Format Version 12.00
# Visual Studio Version 17
VisualStudioVersion = 17.5.002.0
MinimumVisualStudioVersion = 10.0.40219.1
Project("{9A19103F-16F7-4668-BE54-9A1E7A4F7556}") = "dz_5", "dz_5.csproj", "{3703E593-F766-43AD-9E05-DACED5504C5C}"
EndProject
Global
	GlobalSection(SolutionConfigurationPlatforms) = preSolution
		Debug|Any CPU = Debug|Any CPU
		Release|Any CPU = Release|Any CPU
	EndGlobalSection
	GlobalSection(ProjectConfigurationPlatforms) = postSolution
		{3703E593-F766-43AD-9E05-DACED5504C5C}.Debug|Any CPU.ActiveCfg = Debug|Any CPU
		{3703E593-F766-43AD-9E05-DACED5504C5C}.Debug|Any CPU.Build.0 = Debug|Any CPU
		{3703E593-F766-43AD-9E05-DACED5504C5C}.Release|Any CPU.ActiveCfg = Release|Any CPU
		{3703E593-F766-43AD-9E05-DACED5504C5C}.Release|Any CPU.Build.0 = Release|Any CPU
	EndGlobalSection
	GlobalSection(SolutionProperties) = preSolution
		HideSolutionNode = FALSE
	EndGlobalSection
	GlobalSection(ExtensibilityGlobals) = postSolution
		SolutionGuid = {E7F7F878-04FA-41C4-A001-3069E8317DB5}
	EndGlobalSection
EndGlobal
